
Microsoft Visual Studio Solution File, Format Version 12.00
# Visual Studio Version 17
VisualStudioVersion = 17.6.33815.320
MinimumVisualStudioVersion = 10.0.40219.1
Project("{FAE04EC0-301F-11D3-BF4B-00C04F79EFBC}") = "UsingControllers", "UsingControllers\UsingControllers.csproj", "{C0865473-1A88-43BC-957F-A1F2ABCA546E}"
EndProject
Global
	GlobalSection(SolutionConfigurationPlatforms) = preSolution
		Debug|Any CPU = Debug|Any CPU
		Release|Any CPU = Release|Any CPU
	EndGlobalSection
	GlobalSection(ProjectConfigurationPlatforms) = postSolution
		{C0865473-1A88-43BC-957F-A1F2ABCA546E}.Debug|Any CPU.ActiveCfg = Debug|Any CPU
		{C0865473-1A88-43BC-957F-A1F2ABCA546E}.Debug|Any CPU.Build.0 = Debug|Any CPU
		{C0865473-1A88-43BC-957F-A1F2ABCA546E}.Release|Any CPU.ActiveCfg = Release|Any CPU
		{C0865473-1A88-43BC-957F-A1F2ABCA546E}.Release|Any CPU.Build.0 = Release|Any CPU
	EndGlobalSection
	GlobalSection(SolutionProperties) = preSolution
		HideSolutionNode = FALSE
	EndGlobalSection
	GlobalSection(ExtensibilityGlobals) = postSolution
		SolutionGuid = {991643DA-0D8F-4ABE-95E3-44563AAA7CCC}
	EndGlobalSection
EndGlobal
